
Microsoft Visual Studio Solution File, Format Version 12.00
# Visual Studio 14
VisualStudioVersion = 14.0.23107.0
MinimumVisualStudioVersion = 10.0.40219.1
Project("{FAE04EC0-301F-11D3-BF4B-00C04F79EFBC}") = "CFH.Models", "CFH.Models\CFH.Models.csproj", "{04267F1D-B4E4-463B-99C5-5310539BCDB3}"
EndProject
Project("{FAE04EC0-301F-11D3-BF4B-00C04F79EFBC}") = "CFH.Data", "CFH.Data\CFH.Data.csproj", "{9E398510-5DE9-496B-B4C5-D8AF1669BFD1}"
EndProject
Project("{FAE04EC0-301F-11D3-BF4B-00C04F79EFBC}") = "CFH.WebAPI", "CFH.WebAPI\CFH.WebAPI.csproj", "{CDC2821F-0723-49EA-927C-A3F9D360C067}"
EndProject
Project("{FAE04EC0-301F-11D3-BF4B-00C04F79EFBC}") = "CFH.DropboxApi", "CFH.DropboxApi\CFH.DropboxApi.csproj", "{6D75D308-2A76-4099-8E65-FAC48A07219C}"
EndProject
Project("{FAE04EC0-301F-11D3-BF4B-00C04F79EFBC}") = "CFH.ConsoleClient", "CFH.ConsoleClient\CFH.ConsoleClient.csproj", "{6449A5F5-EB53-4049-80C8-C38ED3CB88B0}"
EndProject
Global
	GlobalSection(SolutionConfigurationPlatforms) = preSolution
		Debug|Any CPU = Debug|Any CPU
		Release|Any CPU = Release|Any CPU
	EndGlobalSection
	GlobalSection(ProjectConfigurationPlatforms) = postSolution
		{04267F1D-B4E4-463B-99C5-5310539BCDB3}.Debug|Any CPU.ActiveCfg = Debug|Any CPU
		{04267F1D-B4E4-463B-99C5-5310539BCDB3}.Debug|Any CPU.Build.0 = Debug|Any CPU
		{04267F1D-B4E4-463B-99C5-5310539BCDB3}.Release|Any CPU.ActiveCfg = Release|Any CPU
		{04267F1D-B4E4-463B-99C5-5310539BCDB3}.Release|Any CPU.Build.0 = Release|Any CPU
		{9E398510-5DE9-496B-B4C5-D8AF1669BFD1}.Debug|Any CPU.ActiveCfg = Debug|Any CPU
		{9E398510-5DE9-496B-B4C5-D8AF1669BFD1}.Debug|Any CPU.Build.0 = Debug|Any CPU
		{9E398510-5DE9-496B-B4C5-D8AF1669BFD1}.Release|Any CPU.ActiveCfg = Release|Any CPU
		{9E398510-5DE9-496B-B4C5-D8AF1669BFD1}.Release|Any CPU.Build.0 = Release|Any CPU
		{CDC2821F-0723-49EA-927C-A3F9D360C067}.Debug|Any CPU.ActiveCfg = Debug|Any CPU
		{CDC2821F-0723-49EA-927C-A3F9D360C067}.Debug|Any CPU.Build.0 = Debug|Any CPU
		{CDC2821F-0723-49EA-927C-A3F9D360C067}.Release|Any CPU.ActiveCfg = Release|Any CPU
		{CDC2821F-0723-49EA-927C-A3F9D360C067}.Release|Any CPU.Build.0 = Release|Any CPU
		{6D75D308-2A76-4099-8E65-FAC48A07219C}.Debug|Any CPU.ActiveCfg = Debug|Any CPU
		{6D75D308-2A76-4099-8E65-FAC48A07219C}.Debug|Any CPU.Build.0 = Debug|Any CPU
		{6D75D308-2A76-4099-8E65-FAC48A07219C}.Release|Any CPU.ActiveCfg = Release|Any CPU
		{6D75D308-2A76-4099-8E65-FAC48A07219C}.Release|Any CPU.Build.0 = Release|Any CPU
		{6449A5F5-EB53-4049-80C8-C38ED3CB88B0}.Debug|Any CPU.ActiveCfg = Debug|Any CPU
		{6449A5F5-EB53-4049-80C8-C38ED3CB88B0}.Debug|Any CPU.Build.0 = Debug|Any CPU
		{6449A5F5-EB53-4049-80C8-C38ED3CB88B0}.Release|Any CPU.ActiveCfg = Release|Any CPU
		{6449A5F5-EB53-4049-80C8-C38ED3CB88B0}.Release|Any CPU.Build.0 = Release|Any CPU
	EndGlobalSection
	GlobalSection(SolutionProperties) = preSolution
		HideSolutionNode = FALSE
	EndGlobalSection
EndGlobal
